
Microsoft Visual Studio Solution File, Format Version 12.00
# Visual Studio Version 16
VisualStudioVersion = 16.0.30711.63
MinimumVisualStudioVersion = 10.0.40219.1
Project("{FAE04EC0-301F-11D3-BF4B-00C04F79EFBC}") = "AuthenticationAuthorizationTestApp", "AuthenticationAuthorizationTestApp\AuthenticationAuthorizationTestApp.csproj", "{2DAFC6FE-CF5A-4A97-97F3-5FCD5855DE3C}"
EndProject
Project("{FAE04EC0-301F-11D3-BF4B-00C04F79EFBC}") = "TestDataLibrary.Domain", "TestDataLibrary.Domain\TestDataLibrary.Domain.csproj", "{EE208E59-308E-4B83-A8A0-2E0A0F66176B}"
EndProject
Project("{FAE04EC0-301F-11D3-BF4B-00C04F79EFBC}") = "TestDataLibrary.DAL", "TestDataLibrary.DAL\TestDataLibrary.DAL.csproj", "{DA8074EA-8E6E-4723-8FE2-E761ACC76FF0}"
EndProject
Global
	GlobalSection(SolutionConfigurationPlatforms) = preSolution
		Debug|Any CPU = Debug|Any CPU
		Release|Any CPU = Release|Any CPU
	EndGlobalSection
	GlobalSection(ProjectConfigurationPlatforms) = postSolution
		{2DAFC6FE-CF5A-4A97-97F3-5FCD5855DE3C}.Debug|Any CPU.ActiveCfg = Debug|Any CPU
		{2DAFC6FE-CF5A-4A97-97F3-5FCD5855DE3C}.Debug|Any CPU.Build.0 = Debug|Any CPU
		{2DAFC6FE-CF5A-4A97-97F3-5FCD5855DE3C}.Release|Any CPU.ActiveCfg = Release|Any CPU
		{2DAFC6FE-CF5A-4A97-97F3-5FCD5855DE3C}.Release|Any CPU.Build.0 = Release|Any CPU
		{EE208E59-308E-4B83-A8A0-2E0A0F66176B}.Debug|Any CPU.ActiveCfg = Debug|Any CPU
		{EE208E59-308E-4B83-A8A0-2E0A0F66176B}.Debug|Any CPU.Build.0 = Debug|Any CPU
		{EE208E59-308E-4B83-A8A0-2E0A0F66176B}.Release|Any CPU.ActiveCfg = Release|Any CPU
		{EE208E59-308E-4B83-A8A0-2E0A0F66176B}.Release|Any CPU.Build.0 = Release|Any CPU
		{DA8074EA-8E6E-4723-8FE2-E761ACC76FF0}.Debug|Any CPU.ActiveCfg = Debug|Any CPU
		{DA8074EA-8E6E-4723-8FE2-E761ACC76FF0}.Debug|Any CPU.Build.0 = Debug|Any CPU
		{DA8074EA-8E6E-4723-8FE2-E761ACC76FF0}.Release|Any CPU.ActiveCfg = Release|Any CPU
		{DA8074EA-8E6E-4723-8FE2-E761ACC76FF0}.Release|Any CPU.Build.0 = Release|Any CPU
	EndGlobalSection
	GlobalSection(SolutionProperties) = preSolution
		HideSolutionNode = FALSE
	EndGlobalSection
	GlobalSection(ExtensibilityGlobals) = postSolution
		SolutionGuid = {ACB42D67-1665-4D24-8A13-0E7A49EED831}
	EndGlobalSection
EndGlobal
